
Microsoft Visual Studio Solution File, Format Version 12.00
# Visual Studio Version 17
VisualStudioVersion = 17.1.32421.90
MinimumVisualStudioVersion = 10.0.40219.1
Project("{2150E333-8FDC-42A3-9474-1A3956D46DE8}") = "src", "src", "{17B080D9-D717-4003-9FEA-C047831B1BD4}"
EndProject
Project("{2150E333-8FDC-42A3-9474-1A3956D46DE8}") = "clients", "clients", "{048DC513-14E4-4B9A-9F26-7EF0CA168C39}"
EndProject
Project("{2150E333-8FDC-42A3-9474-1A3956D46DE8}") = "core", "core", "{11B66D87-5507-40E9-912F-0A2348BF8E5D}"
EndProject
Project("{2150E333-8FDC-42A3-9474-1A3956D46DE8}") = "dependencies", "dependencies", "{BBEA42FF-97D7-4653-9B73-5F6B41ED2DF0}"
EndProject
Project("{9A19103F-16F7-4668-BE54-9A1E7A4F7556}") = "Freshlo.Web", "src\clients\Freshlo.Web\Freshlo.Web.csproj", "{BFE0278E-280F-4D8F-AC2C-006ACA1902AB}"
EndProject
Project("{9A19103F-16F7-4668-BE54-9A1E7A4F7556}") = "Freshlo.DomainEntities", "Freshlo.DomainEntities\Freshlo.DomainEntities.csproj", "{9C6A4F1C-701C-407A-AFF4-60E8AF278466}"
EndProject
Project("{9A19103F-16F7-4668-BE54-9A1E7A4F7556}") = "Freshlo.RI", "Freshlo.RI\Freshlo.RI.csproj", "{B3206657-1BBB-4398-A134-6E52B005A4EF}"
EndProject
Project("{9A19103F-16F7-4668-BE54-9A1E7A4F7556}") = "Freshlo.SI", "Freshlo.SI\Freshlo.SI.csproj", "{128E2532-27E1-4838-AE91-59325F52265A}"
EndProject
Project("{9A19103F-16F7-4668-BE54-9A1E7A4F7556}") = "Freshlo.Repository", "Freshlo.Repository\Freshlo.Repository.csproj", "{44463BBC-ED20-4A0E-8FAC-A8DC01725DFC}"
EndProject
Project("{9A19103F-16F7-4668-BE54-9A1E7A4F7556}") = "Freshlo.Services", "Freshlo.Services\Freshlo.Services.csproj", "{0B3D2CEE-872F-4DEA-928A-F6A06D027832}"
EndProject
Project("{9A19103F-16F7-4668-BE54-9A1E7A4F7556}") = "Freshlo.Common", "Freshlo.Common\Freshlo.Common.csproj", "{844A03BB-F6C5-4A04-9E0A-D28051763E91}"
EndProject
Project("{9A19103F-16F7-4668-BE54-9A1E7A4F7556}") = "Freshlo.Client", "src\clients\Freshlo.Client\Freshlo.Client.csproj", "{C3079809-8172-47EA-8BD1-7CADAC74459D}"
EndProject
Global
	GlobalSection(SolutionConfigurationPlatforms) = preSolution
		Debug|Any CPU = Debug|Any CPU
		Release|Any CPU = Release|Any CPU
	EndGlobalSection
	GlobalSection(ProjectConfigurationPlatforms) = postSolution
		{BFE0278E-280F-4D8F-AC2C-006ACA1902AB}.Debug|Any CPU.ActiveCfg = Debug|Any CPU
		{BFE0278E-280F-4D8F-AC2C-006ACA1902AB}.Debug|Any CPU.Build.0 = Debug|Any CPU
		{BFE0278E-280F-4D8F-AC2C-006ACA1902AB}.Release|Any CPU.ActiveCfg = Release|Any CPU
		{BFE0278E-280F-4D8F-AC2C-006ACA1902AB}.Release|Any CPU.Build.0 = Release|Any CPU
		{9C6A4F1C-701C-407A-AFF4-60E8AF278466}.Debug|Any CPU.ActiveCfg = Debug|Any CPU
		{9C6A4F1C-701C-407A-AFF4-60E8AF278466}.Debug|Any CPU.Build.0 = Debug|Any CPU
		{9C6A4F1C-701C-407A-AFF4-60E8AF278466}.Release|Any CPU.ActiveCfg = Release|Any CPU
		{9C6A4F1C-701C-407A-AFF4-60E8AF278466}.Release|Any CPU.Build.0 = Release|Any CPU
		{B3206657-1BBB-4398-A134-6E52B005A4EF}.Debug|Any CPU.ActiveCfg = Debug|Any CPU
		{B3206657-1BBB-4398-A134-6E52B005A4EF}.Debug|Any CPU.Build.0 = Debug|Any CPU
		{B3206657-1BBB-4398-A134-6E52B005A4EF}.Release|Any CPU.ActiveCfg = Release|Any CPU
		{B3206657-1BBB-4398-A134-6E52B005A4EF}.Release|Any CPU.Build.0 = Release|Any CPU
		{128E2532-27E1-4838-AE91-59325F52265A}.Debug|Any CPU.ActiveCfg = Debug|Any CPU
		{128E2532-27E1-4838-AE91-59325F52265A}.Debug|Any CPU.Build.0 = Debug|Any CPU
		{128E2532-27E1-4838-AE91-59325F52265A}.Release|Any CPU.ActiveCfg = Release|Any CPU
		{128E2532-27E1-4838-AE91-59325F52265A}.Release|Any CPU.Build.0 = Release|Any CPU
		{44463BBC-ED20-4A0E-8FAC-A8DC01725DFC}.Debug|Any CPU.ActiveCfg = Debug|Any CPU
		{44463BBC-ED20-4A0E-8FAC-A8DC01725DFC}.Debug|Any CPU.Build.0 = Debug|Any CPU
		{44463BBC-ED20-4A0E-8FAC-A8DC01725DFC}.Release|Any CPU.ActiveCfg = Release|Any CPU
		{44463BBC-ED20-4A0E-8FAC-A8DC01725DFC}.Release|Any CPU.Build.0 = Release|Any CPU
		{0B3D2CEE-872F-4DEA-928A-F6A06D027832}.Debug|Any CPU.ActiveCfg = Debug|Any CPU
		{0B3D2CEE-872F-4DEA-928A-F6A06D027832}.Debug|Any CPU.Build.0 = Debug|Any CPU
		{0B3D2CEE-872F-4DEA-928A-F6A06D027832}.Release|Any CPU.ActiveCfg = Release|Any CPU
		{0B3D2CEE-872F-4DEA-928A-F6A06D027832}.Release|Any CPU.Build.0 = Release|Any CPU
		{844A03BB-F6C5-4A04-9E0A-D28051763E91}.Debug|Any CPU.ActiveCfg = Debug|Any CPU
		{844A03BB-F6C5-4A04-9E0A-D28051763E91}.Debug|Any CPU.Build.0 = Debug|Any CPU
		{844A03BB-F6C5-4A04-9E0A-D28051763E91}.Release|Any CPU.ActiveCfg = Release|Any CPU
		{844A03BB-F6C5-4A04-9E0A-D28051763E91}.Release|Any CPU.Build.0 = Release|Any CPU
		{C3079809-8172-47EA-8BD1-7CADAC74459D}.Debug|Any CPU.ActiveCfg = Debug|Any CPU
		{C3079809-8172-47EA-8BD1-7CADAC74459D}.Debug|Any CPU.Build.0 = Debug|Any CPU
		{C3079809-8172-47EA-8BD1-7CADAC74459D}.Release|Any CPU.ActiveCfg = Release|Any CPU
		{C3079809-8172-47EA-8BD1-7CADAC74459D}.Release|Any CPU.Build.0 = Release|Any CPU
	EndGlobalSection
	GlobalSection(SolutionProperties) = preSolution
		HideSolutionNode = FALSE
	EndGlobalSection
	GlobalSection(NestedProjects) = preSolution
		{048DC513-14E4-4B9A-9F26-7EF0CA168C39} = {17B080D9-D717-4003-9FEA-C047831B1BD4}
		{11B66D87-5507-40E9-912F-0A2348BF8E5D} = {17B080D9-D717-4003-9FEA-C047831B1BD4}
		{BBEA42FF-97D7-4653-9B73-5F6B41ED2DF0} = {17B080D9-D717-4003-9FEA-C047831B1BD4}
		{BFE0278E-280F-4D8F-AC2C-006ACA1902AB} = {048DC513-14E4-4B9A-9F26-7EF0CA168C39}
		{9C6A4F1C-701C-407A-AFF4-60E8AF278466} = {11B66D87-5507-40E9-912F-0A2348BF8E5D}
		{B3206657-1BBB-4398-A134-6E52B005A4EF} = {11B66D87-5507-40E9-912F-0A2348BF8E5D}
		{128E2532-27E1-4838-AE91-59325F52265A} = {11B66D87-5507-40E9-912F-0A2348BF8E5D}
		{44463BBC-ED20-4A0E-8FAC-A8DC01725DFC} = {BBEA42FF-97D7-4653-9B73-5F6B41ED2DF0}
		{0B3D2CEE-872F-4DEA-928A-F6A06D027832} = {BBEA42FF-97D7-4653-9B73-5F6B41ED2DF0}
		{844A03BB-F6C5-4A04-9E0A-D28051763E91} = {11B66D87-5507-40E9-912F-0A2348BF8E5D}
		{C3079809-8172-47EA-8BD1-7CADAC74459D} = {048DC513-14E4-4B9A-9F26-7EF0CA168C39}
	EndGlobalSection
	GlobalSection(ExtensibilityGlobals) = postSolution
		SolutionGuid = {AF792764-9C69-47B3-89F2-5C3B062DEBBB}
	EndGlobalSection
EndGlobal
